# THIS IS AN AUTOGENERATED FILE. DO NOT EDIT THIS FILE DIRECTLY.
# yarn lockfile v1


pmeditor-core@^0.1.0:
  version "0.1.0"
  resolved "https://registry.yarnpkg.com/pmeditor-core/-/pmeditor-core-0.1.0.tgz#7dc9cc4cbec117edf226219ec56f6763b3cf91b3"
  integrity sha512-rVTeIjOTfVslUSRZf27AsVvK+DZ9QNgzY3vqESSKqfwi+UZesn5lqvqxcpmpxgxM/P7FosJG+7SDb4780KXhpg==
